
Microsoft Visual Studio Solution File, Format Version 12.00
# Visual Studio Version 16
VisualStudioVersion = 16.0.30011.22
MinimumVisualStudioVersion = 10.0.40219.1
Project("{FAE04EC0-301F-11D3-BF4B-00C04F79EFBC}") = "RefitSample", "FeignDotNet\RefitSample.csproj", "{7D7FE7D4-C020-4391-9EF1-5AC443D35B7B}"
EndProject
Project("{FAE04EC0-301F-11D3-BF4B-00C04F79EFBC}") = "CodeGenerator", "CodeGenerator\CodeGenerator.csproj", "{31E767D2-8C99-4691-A215-8585C125C188}"
EndProject
Project("{9A19103F-16F7-4668-BE54-9A1E7A4F7556}") = "HttpClientLibGenerator.Generators", "HttpClientLibGenerator.Generators\HttpClientLibGenerator.Generators.csproj", "{EE520636-AADC-40C7-BF40-D9C472E0B11D}"
EndProject
Project("{9A19103F-16F7-4668-BE54-9A1E7A4F7556}") = "HttpClientLibGenerator.Attributes", "HttpClientLibGenerator.Attributes\HttpClientLibGenerator.Attributes.csproj", "{6DD60FAC-D37A-45B4-8C81-7B555FBFE83E}"
EndProject
Global
	GlobalSection(SolutionConfigurationPlatforms) = preSolution
		Debug|Any CPU = Debug|Any CPU
		Release|Any CPU = Release|Any CPU
	EndGlobalSection
	GlobalSection(ProjectConfigurationPlatforms) = postSolution
		{7D7FE7D4-C020-4391-9EF1-5AC443D35B7B}.Debug|Any CPU.ActiveCfg = Debug|Any CPU
		{7D7FE7D4-C020-4391-9EF1-5AC443D35B7B}.Debug|Any CPU.Build.0 = Debug|Any CPU
		{7D7FE7D4-C020-4391-9EF1-5AC443D35B7B}.Release|Any CPU.ActiveCfg = Release|Any CPU
		{7D7FE7D4-C020-4391-9EF1-5AC443D35B7B}.Release|Any CPU.Build.0 = Release|Any CPU
		{31E767D2-8C99-4691-A215-8585C125C188}.Debug|Any CPU.ActiveCfg = Debug|Any CPU
		{31E767D2-8C99-4691-A215-8585C125C188}.Debug|Any CPU.Build.0 = Debug|Any CPU
		{31E767D2-8C99-4691-A215-8585C125C188}.Release|Any CPU.ActiveCfg = Release|Any CPU
		{31E767D2-8C99-4691-A215-8585C125C188}.Release|Any CPU.Build.0 = Release|Any CPU
		{EE520636-AADC-40C7-BF40-D9C472E0B11D}.Debug|Any CPU.ActiveCfg = Debug|Any CPU
		{EE520636-AADC-40C7-BF40-D9C472E0B11D}.Debug|Any CPU.Build.0 = Debug|Any CPU
		{EE520636-AADC-40C7-BF40-D9C472E0B11D}.Release|Any CPU.ActiveCfg = Release|Any CPU
		{EE520636-AADC-40C7-BF40-D9C472E0B11D}.Release|Any CPU.Build.0 = Release|Any CPU
		{6DD60FAC-D37A-45B4-8C81-7B555FBFE83E}.Debug|Any CPU.ActiveCfg = Debug|Any CPU
		{6DD60FAC-D37A-45B4-8C81-7B555FBFE83E}.Debug|Any CPU.Build.0 = Debug|Any CPU
		{6DD60FAC-D37A-45B4-8C81-7B555FBFE83E}.Release|Any CPU.ActiveCfg = Release|Any CPU
		{6DD60FAC-D37A-45B4-8C81-7B555FBFE83E}.Release|Any CPU.Build.0 = Release|Any CPU
	EndGlobalSection
	GlobalSection(SolutionProperties) = preSolution
		HideSolutionNode = FALSE
	EndGlobalSection
	GlobalSection(ExtensibilityGlobals) = postSolution
		SolutionGuid = {26650AD4-7928-4B7A-BD44-95039BF74A8A}
	EndGlobalSection
EndGlobal
